
Microsoft Visual Studio Solution File, Format Version 12.00
Project("{FAE04EC0-301F-11D3-BF4B-00C04F79EFBC}") = "Parking.Service", "Parking.Service\Parking.Service.csproj", "{6A21DADE-5C6E-46FD-880F-D044393D2A31}"
EndProject
Project("{FAE04EC0-301F-11D3-BF4B-00C04F79EFBC}") = "Parking.DataAccess", "Parking.DataAccess\Parking.DataAccess.csproj", "{213851D2-44FB-4ACE-9C04-AF06E8667A6E}"
EndProject
Project("{FAE04EC0-301F-11D3-BF4B-00C04F79EFBC}") = "Parking.BL", "Parking.BL\Parking.BL.csproj", "{C5858DAB-C0AB-4CE2-8FF2-CF6750627F3E}"
EndProject
Project("{FAE04EC0-301F-11D3-BF4B-00C04F79EFBC}") = "IdentityServer", "IdentityServer\IdentityServer.csproj", "{D5FCCECB-4ACF-4F07-B0C6-4937F14BF0F1}"
EndProject
Global
	GlobalSection(SolutionConfigurationPlatforms) = preSolution
		Debug|Any CPU = Debug|Any CPU
		Release|Any CPU = Release|Any CPU
	EndGlobalSection
	GlobalSection(ProjectConfigurationPlatforms) = postSolution
		{6A21DADE-5C6E-46FD-880F-D044393D2A31}.Debug|Any CPU.ActiveCfg = Debug|Any CPU
		{6A21DADE-5C6E-46FD-880F-D044393D2A31}.Debug|Any CPU.Build.0 = Debug|Any CPU
		{6A21DADE-5C6E-46FD-880F-D044393D2A31}.Release|Any CPU.ActiveCfg = Release|Any CPU
		{6A21DADE-5C6E-46FD-880F-D044393D2A31}.Release|Any CPU.Build.0 = Release|Any CPU
		{213851D2-44FB-4ACE-9C04-AF06E8667A6E}.Debug|Any CPU.ActiveCfg = Debug|Any CPU
		{213851D2-44FB-4ACE-9C04-AF06E8667A6E}.Debug|Any CPU.Build.0 = Debug|Any CPU
		{213851D2-44FB-4ACE-9C04-AF06E8667A6E}.Release|Any CPU.ActiveCfg = Release|Any CPU
		{213851D2-44FB-4ACE-9C04-AF06E8667A6E}.Release|Any CPU.Build.0 = Release|Any CPU
		{C5858DAB-C0AB-4CE2-8FF2-CF6750627F3E}.Debug|Any CPU.ActiveCfg = Debug|Any CPU
		{C5858DAB-C0AB-4CE2-8FF2-CF6750627F3E}.Debug|Any CPU.Build.0 = Debug|Any CPU
		{C5858DAB-C0AB-4CE2-8FF2-CF6750627F3E}.Release|Any CPU.ActiveCfg = Release|Any CPU
		{C5858DAB-C0AB-4CE2-8FF2-CF6750627F3E}.Release|Any CPU.Build.0 = Release|Any CPU
		{D5FCCECB-4ACF-4F07-B0C6-4937F14BF0F1}.Debug|Any CPU.ActiveCfg = Debug|Any CPU
		{D5FCCECB-4ACF-4F07-B0C6-4937F14BF0F1}.Debug|Any CPU.Build.0 = Debug|Any CPU
		{D5FCCECB-4ACF-4F07-B0C6-4937F14BF0F1}.Release|Any CPU.ActiveCfg = Release|Any CPU
		{D5FCCECB-4ACF-4F07-B0C6-4937F14BF0F1}.Release|Any CPU.Build.0 = Release|Any CPU
	EndGlobalSection
EndGlobal
